
Microsoft Visual Studio Solution File, Format Version 12.00
# Visual Studio Version 17
VisualStudioVersion = 17.11.35208.52
MinimumVisualStudioVersion = 10.0.40219.1
Project("{FAE04EC0-301F-11D3-BF4B-00C04F79EFBC}") = "WhiteLagoon.Web", "WhiteLagoon.Web\WhiteLagoon.Web.csproj", "{7A184193-3E40-47DD-974F-99EB316236FD}"
EndProject
Global
	GlobalSection(SolutionConfigurationPlatforms) = preSolution
		Debug|Any CPU = Debug|Any CPU
		Release|Any CPU = Release|Any CPU
	EndGlobalSection
	GlobalSection(ProjectConfigurationPlatforms) = postSolution
		{7A184193-3E40-47DD-974F-99EB316236FD}.Debug|Any CPU.ActiveCfg = Debug|Any CPU
		{7A184193-3E40-47DD-974F-99EB316236FD}.Debug|Any CPU.Build.0 = Debug|Any CPU
		{7A184193-3E40-47DD-974F-99EB316236FD}.Release|Any CPU.ActiveCfg = Release|Any CPU
		{7A184193-3E40-47DD-974F-99EB316236FD}.Release|Any CPU.Build.0 = Release|Any CPU
	EndGlobalSection
	GlobalSection(SolutionProperties) = preSolution
		HideSolutionNode = FALSE
	EndGlobalSection
	GlobalSection(ExtensibilityGlobals) = postSolution
		SolutionGuid = {F0ED51DF-4824-4181-8D16-7013D2F5C15F}
	EndGlobalSection
EndGlobal
